# Generated by pub
# See https://dart.dev/tools/pub/glossary#lockfile
packages:
  bonsoir:
    dependency: "direct main"
    description:
      path: ".."
      relative: true
    source: path
    version: "2.1.0"
  bonsoir_android:
    dependency: transitive
    description:
      name: bonsoir_android
      sha256: "1cb9db0f478f66b86bbbc3f447c407162b2138bb6fcf35c4dac5b1f3f1fb0bc6"
      url: "https://pub.dev"
    source: hosted
    version: "2.1.0+2"
  bonsoir_darwin:
    dependency: transitive
    description:
      name: bonsoir_darwin
      sha256: e6dfa3062cb9dc40cb3b640445a9b1c727677c9e27dc54104b2743e58bd5f80c
      url: "https://pub.dev"
    source: hosted
    version: "2.0.0+3"
  bonsoir_platform_interface:
    dependency: transitive
    description:
      name: bonsoir_platform_interface
      sha256: "2f30c5f144309f690f11890e7db52ddc8a4f8a576a1ec9e3761bb430c2b986cd"
      url: "https://pub.dev"
    source: hosted
    version: "2.0.0+1"
  characters:
    dependency: transitive
    description:
      name: characters
      sha256: "04a925763edad70e8443c99234dc3328f442e811f1d8fd1a72f1c8ad0f69a605"
      url: "https://pub.dev"
    source: hosted
    version: "1.3.0"
  collection:
    dependency: transitive
    description:
      name: collection
      sha256: "4a07be6cb69c84d677a6c3096fcf960cc3285a8330b4603e0d463d15d9bd934c"
      url: "https://pub.dev"
    source: hosted
    version: "1.17.1"
  device_info:
    dependency: "direct main"
    description:
      name: device_info
      sha256: f4a8156cb7b7480d969cb734907d18b333c8f0bc0b1ad0b342cdcecf30d62c48
      url: "https://pub.dev"
    source: hosted
    version: "2.0.3"
  device_info_platform_interface:
    dependency: transitive
    description:
      name: device_info_platform_interface
      sha256: b148e0bf9640145d09a4f8dea96614076f889e7f7f8b5ecab1c7e5c2dbc73c1b
      url: "https://pub.dev"
    source: hosted
    version: "2.0.1"
  flutter:
    dependency: "direct main"
    description: flutter
    source: sdk
    version: "0.0.0"
  flutter_riverpod:
    dependency: "direct main"
    description:
      name: flutter_riverpod
      sha256: b83ac5827baadefd331ea1d85110f34645827ea234ccabf53a655f41901a9bf4
      url: "https://pub.dev"
    source: hosted
    version: "2.3.6"
  js:
    dependency: transitive
    description:
      name: js
      sha256: f2c445dce49627136094980615a031419f7f3eb393237e4ecd97ac15dea343f3
      url: "https://pub.dev"
    source: hosted
    version: "0.6.7"
  material_color_utilities:
    dependency: transitive
    description:
      name: material_color_utilities
      sha256: d92141dc6fe1dad30722f9aa826c7fbc896d021d792f80678280601aff8cf724
      url: "https://pub.dev"
    source: hosted
    version: "0.2.0"
  meta:
    dependency: transitive
    description:
      name: meta
      sha256: "3c74dbf8763d36539f114c799d8a2d87343b5067e9d796ca22b5eb8437090ee3"
      url: "https://pub.dev"
    source: hosted
    version: "1.9.1"
  path:
    dependency: transitive
    description:
      name: path
      sha256: "8829d8a55c13fc0e37127c29fedf290c102f4e40ae94ada574091fe0ff96c917"
      url: "https://pub.dev"
    source: hosted
    version: "1.8.3"
  plugin_platform_interface:
    dependency: transitive
    description:
      name: plugin_platform_interface
      sha256: "6a2128648c854906c53fa8e33986fc0247a1116122f9534dd20e3ab9e16a32bc"
      url: "https://pub.dev"
    source: hosted
    version: "2.1.4"
  riverpod:
    dependency: transitive
    description:
      name: riverpod
      sha256: "80e48bebc83010d5e67a11c9514af6b44bbac1ec77b4333c8ea65dbc79e2d8ef"
      url: "https://pub.dev"
    source: hosted
    version: "2.3.6"
  sky_engine:
    dependency: transitive
    description: flutter
    source: sdk
    version: "0.0.99"
  stack_trace:
    dependency: transitive
    description:
      name: stack_trace
      sha256: c3c7d8edb15bee7f0f74debd4b9c5f3c2ea86766fe4178eb2a18eb30a0bdaed5
      url: "https://pub.dev"
    source: hosted
    version: "1.11.0"
  state_notifier:
    dependency: transitive
    description:
      name: state_notifier
      sha256: "8fe42610f179b843b12371e40db58c9444f8757f8b69d181c97e50787caed289"
      url: "https://pub.dev"
    source: hosted
    version: "0.7.2+1"
  vector_math:
    dependency: transitive
    description:
      name: vector_math
      sha256: "80b3257d1492ce4d091729e3a67a60407d227c27241d6927be0130c98e741803"
      url: "https://pub.dev"
    source: hosted
    version: "2.1.4"
sdks:
  dart: ">=3.0.0 <4.0.0"
  flutter: ">=3.0.0"
