PODS:
  - bonsoir_darwin (0.0.1):
    - Flutter
    - FlutterMacOS
  - device_info_plus (0.0.1):
    - Flutter
  - Flutter (1.0.0)

DEPENDENCIES:
  - bonsoir_darwin (from `.symlinks/plugins/bonsoir_darwin/darwin`)
  - device_info_plus (from `.symlinks/plugins/device_info_plus/ios`)
  - Flutter (from `Flutter`)

EXTERNAL SOURCES:
  bonsoir_darwin:
    :path: ".symlinks/plugins/bonsoir_darwin/darwin"
  device_info_plus:
    :path: ".symlinks/plugins/device_info_plus/ios"
  Flutter:
    :path: Flutter

SPEC CHECKSUMS:
  bonsoir_darwin: e3b8526c42ca46a885142df84229131dfabea842
  device_info_plus: bf2e3232933866d73fe290f2942f2156cdd10342
  Flutter: e0871f40cf51350855a761d2e70bf5af5b9b5de7

PODFILE CHECKSUM: cc1f88378b4bfcf93a6ce00d2c587857c6008d3b

COCOAPODS: 1.16.2
